// !$*UTF8*$!
{
	archiveVersion = 1;
	classes = {
	};
	objectVersion = 46;
	objects = {

/* Begin PBXBuildFile section */
		1F5AD86B1CCFD53600F4CDCC /* main.m in Sources */ = {isa = PBXBuildFile; fileRef = 1F5AD86A1CCFD53600F4CDCC /* main.m */; };
		1F5AD86E1CCFD53600F4CDCC /* AppDelegate.m in Sources */ = {isa = PBXBuildFile; fileRef = 1F5AD86D1CCFD53600F4CDCC /* AppDelegate.m */; };
		1F5AD8761CCFD53600F4CDCC /* Assets.xcassets in Resources */ = {isa = PBXBuildFile; fileRef = 1F5AD8751CCFD53600F4CDCC /* Assets.xcassets */; };
		1F5AD8791CCFD53600F4CDCC /* LaunchScreen.storyboard in Resources */ = {isa = PBXBuildFile; fileRef = 1F5AD8771CCFD53600F4CDCC /* LaunchScreen.storyboard */; };
		1F5AD8821CCFD5C900F4CDCC /* AZTableViewController.m in Sources */ = {isa = PBXBuildFile; fileRef = 1F5AD8811CCFD5C900F4CDCC /* AZTableViewController.m */; };
		1F5AD8851CCFD5F100F4CDCC /* AZGroups.m in Sources */ = {isa = PBXBuildFile; fileRef = 1F5AD8841CCFD5F100F4CDCC /* AZGroups.m */; };
		1F5AD8881CCFDEC800F4CDCC /* AZStudent.m in Sources */ = {isa = PBXBuildFile; fileRef = 1F5AD8871CCFDEC800F4CDCC /* AZStudent.m */; };
		1F888A551CE5D95000B6115C /* AZTableViewCell.m in Sources */ = {isa = PBXBuildFile; fileRef = 1F888A541CE5D95000B6115C /* AZTableViewCell.m */; };
		1F9063301CD4D7A00005A99D /* Main.storyboard in Resources */ = {isa = PBXBuildFile; fileRef = 1F90632F1CD4D7A00005A99D /* Main.storyboard */; };
/* End PBXBuildFile section */

/* Begin PBXFileReference section */
		1F5AD8661CCFD53600F4CDCC /* TablesSearchMultithread.app */ = {isa = PBXFileReference; explicitFileType = wrapper.application; includeInIndex = 0; path = TablesSearchMultithread.app; sourceTree = BUILT_PRODUCTS_DIR; };
		1F5AD86A1CCFD53600F4CDCC /* main.m */ = {isa = PBXFileReference; lastKnownFileType = sourcecode.c.objc; path = main.m; sourceTree = "<group>"; };
		1F5AD86C1CCFD53600F4CDCC /* AppDelegate.h */ = {isa = PBXFileReference; lastKnownFileType = sourcecode.c.h; path = AppDelegate.h; sourceTree = "<group>"; };
		1F5AD86D1CCFD53600F4CDCC /* AppDelegate.m */ = {isa = PBXFileReference; lastKnownFileType = sourcecode.c.objc; path = AppDelegate.m; sourceTree = "<group>"; };
		1F5AD8751CCFD53600F4CDCC /* Assets.xcassets */ = {isa = PBXFileReference; lastKnownFileType = folder.assetcatalog; path = Assets.xcassets; sourceTree = "<group>"; };
		1F5AD8781CCFD53600F4CDCC /* Base */ = {isa = PBXFileReference; lastKnownFileType = file.storyboard; name = Base; path = Base.lproj/LaunchScreen.storyboard; sourceTree = "<group>"; };
		1F5AD87A1CCFD53600F4CDCC /* Info.plist */ = {isa = PBXFileReference; lastKnownFileType = text.plist.xml; path = Info.plist; sourceTree = "<group>"; };
		1F5AD8801CCFD5C900F4CDCC /* AZTableViewController.h */ = {isa = PBXFileReference; fileEncoding = 4; lastKnownFileType = sourcecode.c.h; path = AZTableViewController.h; sourceTree = "<group>"; };
		1F5AD8811CCFD5C900F4CDCC /* AZTableViewController.m */ = {isa = PBXFileReference; fileEncoding = 4; lastKnownFileType = sourcecode.c.objc; path = AZTableViewController.m; sourceTree = "<group>"; };
		1F5AD8831CCFD5F100F4CDCC /* AZGroups.h */ = {isa = PBXFileReference; fileEncoding = 4; lastKnownFileType = sourcecode.c.h; path = AZGroups.h; sourceTree = "<group>"; };
		1F5AD8841CCFD5F100F4CDCC /* AZGroups.m */ = {isa = PBXFileReference; fileEncoding = 4; lastKnownFileType = sourcecode.c.objc; path = AZGroups.m; sourceTree = "<group>"; };
		1F5AD8861CCFDEC800F4CDCC /* AZStudent.h */ = {isa = PBXFileReference; fileEncoding = 4; lastKnownFileType = sourcecode.c.h; path = AZStudent.h; sourceTree = "<group>"; };
		1F5AD8871CCFDEC800F4CDCC /* AZStudent.m */ = {isa = PBXFileReference; fileEncoding = 4; lastKnownFileType = sourcecode.c.objc; path = AZStudent.m; sourceTree = "<group>"; };
		1F888A531CE5D95000B6115C /* AZTableViewCell.h */ = {isa = PBXFileReference; fileEncoding = 4; lastKnownFileType = sourcecode.c.h; path = AZTableViewCell.h; sourceTree = "<group>"; };
		1F888A541CE5D95000B6115C /* AZTableViewCell.m */ = {isa = PBXFileReference; fileEncoding = 4; lastKnownFileType = sourcecode.c.objc; path = AZTableViewCell.m; sourceTree = "<group>"; };
		1F90632F1CD4D7A00005A99D /* Main.storyboard */ = {isa = PBXFileReference; fileEncoding = 4; lastKnownFileType = file.storyboard; path = Main.storyboard; sourceTree = "<group>"; };
/* End PBXFileReference section */

/* Begin PBXFrameworksBuildPhase section */
		1F5AD8631CCFD53600F4CDCC /* Frameworks */ = {
			isa = PBXFrameworksBuildPhase;
			buildActionMask = 2147483647;
			files = (
			);
			runOnlyForDeploymentPostprocessing = 0;
		};
/* End PBXFrameworksBuildPhase section */

/* Begin PBXGroup section */
		1F5AD85D1CCFD53600F4CDCC = {
			isa = PBXGroup;
			children = (
				1F5AD8681CCFD53600F4CDCC /* TablesSearchMultithread */,
				1F5AD8671CCFD53600F4CDCC /* Products */,
			);
			sourceTree = "<group>";
		};
		1F5AD8671CCFD53600F4CDCC /* Products */ = {
			isa = PBXGroup;
			children = (
				1F5AD8661CCFD53600F4CDCC /* TablesSearchMultithread.app */,
			);
			name = Products;
			sourceTree = "<group>";
		};
		1F5AD8681CCFD53600F4CDCC /* TablesSearchMultithread */ = {
			isa = PBXGroup;
			children = (
				1F5AD86C1CCFD53600F4CDCC /* AppDelegate.h */,
				1F5AD86D1CCFD53600F4CDCC /* AppDelegate.m */,
				1F5AD8801CCFD5C900F4CDCC /* AZTableViewController.h */,
				1F5AD8811CCFD5C900F4CDCC /* AZTableViewController.m */,
				1F5AD8751CCFD53600F4CDCC /* Assets.xcassets */,
				1F5AD8771CCFD53600F4CDCC /* LaunchScreen.storyboard */,
				1F5AD87A1CCFD53600F4CDCC /* Info.plist */,
				1F5AD8691CCFD53600F4CDCC /* Supporting Files */,
				1F5AD8831CCFD5F100F4CDCC /* AZGroups.h */,
				1F5AD8841CCFD5F100F4CDCC /* AZGroups.m */,
				1F5AD8861CCFDEC800F4CDCC /* AZStudent.h */,
				1F5AD8871CCFDEC800F4CDCC /* AZStudent.m */,
				1F90632F1CD4D7A00005A99D /* Main.storyboard */,
				1F888A531CE5D95000B6115C /* AZTableViewCell.h */,
				1F888A541CE5D95000B6115C /* AZTableViewCell.m */,
			);
			path = TablesSearchMultithread;
			sourceTree = "<group>";
		};
		1F5AD8691CCFD53600F4CDCC /* Supporting Files */ = {
			isa = PBXGroup;
			children = (
				1F5AD86A1CCFD53600F4CDCC /* main.m */,
			);
			name = "Supporting Files";
			sourceTree = "<group>";
		};
/* End PBXGroup section */

/* Begin PBXNativeTarget section */
		1F5AD8651CCFD53600F4CDCC /* TablesSearchMultithread */ = {
			isa = PBXNativeTarget;
			buildConfigurationList = 1F5AD87D1CCFD53600F4CDCC /* Build configuration list for PBXNativeTarget "TablesSearchMultithread" */;
			buildPhases = (
				1F5AD8621CCFD53600F4CDCC /* Sources */,
				1F5AD8631CCFD53600F4CDCC /* Frameworks */,
				1F5AD8641CCFD53600F4CDCC /* Resources */,
			);
			buildRules = (
			);
			dependencies = (
			);
			name = TablesSearchMultithread;
			productName = TablesSearchMultithread;
			productReference = 1F5AD8661CCFD53600F4CDCC /* TablesSearchMultithread.app */;
			productType = "com.apple.product-type.application";
		};
/* End PBXNativeTarget section */

/* Begin PBXProject section */
		1F5AD85E1CCFD53600F4CDCC /* Project object */ = {
			isa = PBXProject;
			attributes = {
				LastUpgradeCheck = 0730;
				ORGANIZATIONNAME = "Anatolii Zavialov";
				TargetAttributes = {
					1F5AD8651CCFD53600F4CDCC = {
						CreatedOnToolsVersion = 7.3;
					};
				};
			};
			buildConfigurationList = 1F5AD8611CCFD53600F4CDCC /* Build configuration list for PBXProject "TablesSearchMultithread" */;
			compatibilityVersion = "Xcode 3.2";
			developmentRegion = English;
			hasScannedForEncodings = 0;
			knownRegions = (
				en,
				Base,
			);
			mainGroup = 1F5AD85D1CCFD53600F4CDCC;
			productRefGroup = 1F5AD8671CCFD53600F4CDCC /* Products */;
			projectDirPath = "";
			projectRoot = "";
			targets = (
				1F5AD8651CCFD53600F4CDCC /* TablesSearchMultithread */,
			);
		};
/* End PBXProject section */

/* Begin PBXResourcesBuildPhase section */
		1F5AD8641CCFD53600F4CDCC /* Resources */ = {
			isa = PBXResourcesBuildPhase;
			buildActionMask = 2147483647;
			files = (
				1F9063301CD4D7A00005A99D /* Main.storyboard in Resources */,
				1F5AD8791CCFD53600F4CDCC /* LaunchScreen.storyboard in Resources */,
				1F5AD8761CCFD53600F4CDCC /* Assets.xcassets in Resources */,
			);
			runOnlyForDeploymentPostprocessing = 0;
		};
/* End PBXResourcesBuildPhase section */

/* Begin PBXSourcesBuildPhase section */
		1F5AD8621CCFD53600F4CDCC /* Sources */ = {
			isa = PBXSourcesBuildPhase;
			buildActionMask = 2147483647;
			files = (
				1F888A551CE5D95000B6115C /* AZTableViewCell.m in Sources */,
				1F5AD8851CCFD5F100F4CDCC /* AZGroups.m in Sources */,
				1F5AD8821CCFD5C900F4CDCC /* AZTableViewController.m in Sources */,
				1F5AD8881CCFDEC800F4CDCC /* AZStudent.m in Sources */,
				1F5AD86E1CCFD53600F4CDCC /* AppDelegate.m in Sources */,
				1F5AD86B1CCFD53600F4CDCC /* main.m in Sources */,
			);
			runOnlyForDeploymentPostprocessing = 0;
		};
/* End PBXSourcesBuildPhase section */

/* Begin PBXVariantGroup section */
		1F5AD8771CCFD53600F4CDCC /* LaunchScreen.storyboard */ = {
			isa = PBXVariantGroup;
			children = (
				1F5AD8781CCFD53600F4CDCC /* Base */,
			);
			name = LaunchScreen.storyboard;
			sourceTree = "<group>";
		};
/* End PBXVariantGroup section */

/* Begin XCBuildConfiguration section */
		1F5AD87B1CCFD53600F4CDCC /* Debug */ = {
			isa = XCBuildConfiguration;
			buildSettings = {
				ALWAYS_SEARCH_USER_PATHS = NO;
				CLANG_ANALYZER_NONNULL = YES;
				CLANG_CXX_LANGUAGE_STANDARD = "gnu++0x";
				CLANG_CXX_LIBRARY = "libc++";
				CLANG_ENABLE_MODULES = YES;
				CLANG_ENABLE_OBJC_ARC = YES;
				CLANG_WARN_BOOL_CONVERSION = YES;
				CLANG_WARN_CONSTANT_CONVERSION = YES;
				CLANG_WARN_DIRECT_OBJC_ISA_USAGE = YES_ERROR;
				CLANG_WARN_EMPTY_BODY = YES;
				CLANG_WARN_ENUM_CONVERSION = YES;
				CLANG_WARN_INT_CONVERSION = YES;
				CLANG_WARN_OBJC_ROOT_CLASS = YES_ERROR;
				CLANG_WARN_UNREACHABLE_CODE = YES;
				CLANG_WARN__DUPLICATE_METHOD_MATCH = YES;
				"CODE_SIGN_IDENTITY[sdk=iphoneos*]" = "iPhone Developer";
				COPY_PHASE_STRIP = NO;
				DEBUG_INFORMATION_FORMAT = dwarf;
				ENABLE_STRICT_OBJC_MSGSEND = YES;
				ENABLE_TESTABILITY = YES;
				GCC_C_LANGUAGE_STANDARD = gnu99;
				GCC_DYNAMIC_NO_PIC = NO;
				GCC_NO_COMMON_BLOCKS = YES;
				GCC_OPTIMIZATION_LEVEL = 0;
				GCC_PREPROCESSOR_DEFINITIONS = (
					"DEBUG=1",
					"$(inherited)",
				);
				GCC_WARN_64_TO_32_BIT_CONVERSION = YES;
				GCC_WARN_ABOUT_RETURN_TYPE = YES_ERROR;
				GCC_WARN_UNDECLARED_SELECTOR = YES;
				GCC_WARN_UNINITIALIZED_AUTOS = YES_AGGRESSIVE;
				GCC_WARN_UNUSED_FUNCTION = YES;
				GCC_WARN_UNUSED_VARIABLE = YES;
				IPHONEOS_DEPLOYMENT_TARGET = 9.3;
				MTL_ENABLE_DEBUG_INFO = YES;
				ONLY_ACTIVE_ARCH = YES;
				SDKROOT = iphoneos;
			};
			name = Debug;
		};
		1F5AD87C1CCFD53600F4CDCC /* Release */ = {
			isa = XCBuildConfiguration;
			buildSettings = {
				ALWAYS_SEARCH_USER_PATHS = NO;
				CLANG_ANALYZER_NONNULL = YES;
				CLANG_CXX_LANGUAGE_STANDARD = "gnu++0x";
				CLANG_CXX_LIBRARY = "libc++";
				CLANG_ENABLE_MODULES = YES;
				CLANG_ENABLE_OBJC_ARC = YES;
				CLANG_WARN_BOOL_CONVERSION = YES;
				CLANG_WARN_CONSTANT_CONVERSION = YES;
				CLANG_WARN_DIRECT_OBJC_ISA_USAGE = YES_ERROR;
				CLANG_WARN_EMPTY_BODY = YES;
				CLANG_WARN_ENUM_CONVERSION = YES;
				CLANG_WARN_INT_CONVERSION = YES;
				CLANG_WARN_OBJC_ROOT_CLASS = YES_ERROR;
				CLANG_WARN_UNREACHABLE_CODE = YES;
				CLANG_WARN__DUPLICATE_METHOD_MATCH = YES;
				"CODE_SIGN_IDENTITY[sdk=iphoneos*]" = "iPhone Developer";
				COPY_PHASE_STRIP = NO;
				DEBUG_INFORMATION_FORMAT = "dwarf-with-dsym";
				ENABLE_NS_ASSERTIONS = NO;
				ENABLE_STRICT_OBJC_MSGSEND = YES;
				GCC_C_LANGUAGE_STANDARD = gnu99;
				GCC_NO_COMMON_BLOCKS = YES;
				GCC_WARN_64_TO_32_BIT_CONVERSION = YES;
				GCC_WARN_ABOUT_RETURN_TYPE = YES_ERROR;
				GCC_WARN_UNDECLARED_SELECTOR = YES;
				GCC_WARN_UNINITIALIZED_AUTOS = YES_AGGRESSIVE;
				GCC_WARN_UNUSED_FUNCTION = YES;
				GCC_WARN_UNUSED_VARIABLE = YES;
				IPHONEOS_DEPLOYMENT_TARGET = 9.3;
				MTL_ENABLE_DEBUG_INFO = NO;
				SDKROOT = iphoneos;
				VALIDATE_PRODUCT = YES;
			};
			name = Release;
		};
		1F5AD87E1CCFD53600F4CDCC /* Debug */ = {
			isa = XCBuildConfiguration;
			buildSettings = {
				ASSETCATALOG_COMPILER_APPICON_NAME = AppIcon;
				INFOPLIST_FILE = TablesSearchMultithread/Info.plist;
				LD_RUNPATH_SEARCH_PATHS = "$(inherited) @executable_path/Frameworks";
				PRODUCT_BUNDLE_IDENTIFIER = com.anatolizavialov.TablesSearchMultithread;
				PRODUCT_NAME = "$(TARGET_NAME)";
			};
			name = Debug;
		};
		1F5AD87F1CCFD53600F4CDCC /* Release */ = {
			isa = XCBuildConfiguration;
			buildSettings = {
				ASSETCATALOG_COMPILER_APPICON_NAME = AppIcon;
				INFOPLIST_FILE = TablesSearchMultithread/Info.plist;
				LD_RUNPATH_SEARCH_PATHS = "$(inherited) @executable_path/Frameworks";
				PRODUCT_BUNDLE_IDENTIFIER = com.anatolizavialov.TablesSearchMultithread;
				PRODUCT_NAME = "$(TARGET_NAME)";
			};
			name = Release;
		};
/* End XCBuildConfiguration section */

/* Begin XCConfigurationList section */
		1F5AD8611CCFD53600F4CDCC /* Build configuration list for PBXProject "TablesSearchMultithread" */ = {
			isa = XCConfigurationList;
			buildConfigurations = (
				1F5AD87B1CCFD53600F4CDCC /* Debug */,
				1F5AD87C1CCFD53600F4CDCC /* Release */,
			);
			defaultConfigurationIsVisible = 0;
			defaultConfigurationName = Release;
		};
		1F5AD87D1CCFD53600F4CDCC /* Build configuration list for PBXNativeTarget "TablesSearchMultithread" */ = {
			isa = XCConfigurationList;
			buildConfigurations = (
				1F5AD87E1CCFD53600F4CDCC /* Debug */,
				1F5AD87F1CCFD53600F4CDCC /* Release */,
			);
			defaultConfigurationIsVisible = 0;
			defaultConfigurationName = Release;
		};
/* End XCConfigurationList section */
	};
	rootObject = 1F5AD85E1CCFD53600F4CDCC /* Project object */;
}
